
Microsoft Visual Studio Solution File, Format Version 12.00
# Visual Studio Version 16
VisualStudioVersion = 16.0.31019.35
MinimumVisualStudioVersion = 10.0.40219.1
Project("{FAE04EC0-301F-11D3-BF4B-00C04F79EFBC}") = "CRUD app", "CRUD app\CRUD app.csproj", "{B8F85167-8FDD-4C99-98A9-E92CDDAEB333}"
EndProject
Global
	GlobalSection(SolutionConfigurationPlatforms) = preSolution
		Debug|Any CPU = Debug|Any CPU
		Release|Any CPU = Release|Any CPU
	EndGlobalSection
	GlobalSection(ProjectConfigurationPlatforms) = postSolution
		{B8F85167-8FDD-4C99-98A9-E92CDDAEB333}.Debug|Any CPU.ActiveCfg = Debug|Any CPU
		{B8F85167-8FDD-4C99-98A9-E92CDDAEB333}.Debug|Any CPU.Build.0 = Debug|Any CPU
		{B8F85167-8FDD-4C99-98A9-E92CDDAEB333}.Release|Any CPU.ActiveCfg = Release|Any CPU
		{B8F85167-8FDD-4C99-98A9-E92CDDAEB333}.Release|Any CPU.Build.0 = Release|Any CPU
	EndGlobalSection
	GlobalSection(SolutionProperties) = preSolution
		HideSolutionNode = FALSE
	EndGlobalSection
	GlobalSection(ExtensibilityGlobals) = postSolution
		SolutionGuid = {6D776CC2-7023-4804-AA41-6D7CCA1F91FC}
	EndGlobalSection
EndGlobal
