
Microsoft Visual Studio Solution File, Format Version 12.00
# Visual Studio Version 16
VisualStudioVersion = 16.0.31019.35
MinimumVisualStudioVersion = 10.0.40219.1
Project("{FAE04EC0-301F-11D3-BF4B-00C04F79EFBC}") = "Laboratory1", "Laboratory1\Laboratory1.csproj", "{DC06DF97-E2A4-4432-9757-51E1A2D25463}"
EndProject
Global
	GlobalSection(SolutionConfigurationPlatforms) = preSolution
		Debug|Any CPU = Debug|Any CPU
		Release|Any CPU = Release|Any CPU
	EndGlobalSection
	GlobalSection(ProjectConfigurationPlatforms) = postSolution
		{DC06DF97-E2A4-4432-9757-51E1A2D25463}.Debug|Any CPU.ActiveCfg = Debug|Any CPU
		{DC06DF97-E2A4-4432-9757-51E1A2D25463}.Debug|Any CPU.Build.0 = Debug|Any CPU
		{DC06DF97-E2A4-4432-9757-51E1A2D25463}.Release|Any CPU.ActiveCfg = Release|Any CPU
		{DC06DF97-E2A4-4432-9757-51E1A2D25463}.Release|Any CPU.Build.0 = Release|Any CPU
	EndGlobalSection
	GlobalSection(SolutionProperties) = preSolution
		HideSolutionNode = FALSE
	EndGlobalSection
	GlobalSection(ExtensibilityGlobals) = postSolution
		SolutionGuid = {D27CF2A3-32C6-4970-B6EA-5652C1152175}
	EndGlobalSection
EndGlobal
