
Microsoft Visual Studio Solution File, Format Version 12.00
# Visual Studio Version 16
VisualStudioVersion = 16.0.31019.35
MinimumVisualStudioVersion = 10.0.40219.1
Project("{FAE04EC0-301F-11D3-BF4B-00C04F79EFBC}") = "model_proj_management", "model_proj_management\model_proj_management.csproj", "{D9BBD3EA-FAE2-4060-9DEB-4F7AEE2CE386}"
EndProject
Global
	GlobalSection(SolutionConfigurationPlatforms) = preSolution
		Debug|Any CPU = Debug|Any CPU
		Release|Any CPU = Release|Any CPU
	EndGlobalSection
	GlobalSection(ProjectConfigurationPlatforms) = postSolution
		{D9BBD3EA-FAE2-4060-9DEB-4F7AEE2CE386}.Debug|Any CPU.ActiveCfg = Debug|Any CPU
		{D9BBD3EA-FAE2-4060-9DEB-4F7AEE2CE386}.Debug|Any CPU.Build.0 = Debug|Any CPU
		{D9BBD3EA-FAE2-4060-9DEB-4F7AEE2CE386}.Release|Any CPU.ActiveCfg = Release|Any CPU
		{D9BBD3EA-FAE2-4060-9DEB-4F7AEE2CE386}.Release|Any CPU.Build.0 = Release|Any CPU
	EndGlobalSection
	GlobalSection(SolutionProperties) = preSolution
		HideSolutionNode = FALSE
	EndGlobalSection
	GlobalSection(ExtensibilityGlobals) = postSolution
		SolutionGuid = {0937A07C-739E-4196-B64F-FF4364C1A424}
	EndGlobalSection
EndGlobal
